
Microsoft Visual Studio Solution File, Format Version 12.00
# Visual Studio Version 16
VisualStudioVersion = 16.0.30225.117
MinimumVisualStudioVersion = 10.0.40219.1
Project("{FAE04EC0-301F-11D3-BF4B-00C04F79EFBC}") = "EX1A-C", "EX1A-C.csproj", "{ADDB6B34-2D77-4717-BCF2-E259D36E5A19}"
EndProject
Global
	GlobalSection(SolutionConfigurationPlatforms) = preSolution
		Debug|Any CPU = Debug|Any CPU
		Release|Any CPU = Release|Any CPU
	EndGlobalSection
	GlobalSection(ProjectConfigurationPlatforms) = postSolution
		{ADDB6B34-2D77-4717-BCF2-E259D36E5A19}.Debug|Any CPU.ActiveCfg = Debug|Any CPU
		{ADDB6B34-2D77-4717-BCF2-E259D36E5A19}.Debug|Any CPU.Build.0 = Debug|Any CPU
		{ADDB6B34-2D77-4717-BCF2-E259D36E5A19}.Release|Any CPU.ActiveCfg = Release|Any CPU
		{ADDB6B34-2D77-4717-BCF2-E259D36E5A19}.Release|Any CPU.Build.0 = Release|Any CPU
	EndGlobalSection
	GlobalSection(SolutionProperties) = preSolution
		HideSolutionNode = FALSE
	EndGlobalSection
	GlobalSection(ExtensibilityGlobals) = postSolution
		SolutionGuid = {5C20A62B-6C47-4D8B-9796-D377F2855F44}
	EndGlobalSection
EndGlobal
